// !$*UTF8*$!
{
	archiveVersion = 1;
	classes = {
	};
	objectVersion = 46;
	objects = {

/* Begin PBXBuildFile section */
		599659364B3C0FC2F5FE6B31 /* Pods_testPay.framework in Frameworks */ = {isa = PBXBuildFile; fileRef = 15060B47DE62B08F9711FB6A /* Pods_testPay.framework */; };
		F3F902521D8BDA9E001BC260 /* AppDelegate.swift in Sources */ = {isa = PBXBuildFile; fileRef = F3F902511D8BDA9E001BC260 /* AppDelegate.swift */; };
		F3F902541D8BDA9E001BC260 /* ViewController.swift in Sources */ = {isa = PBXBuildFile; fileRef = F3F902531D8BDA9E001BC260 /* ViewController.swift */; };
		F3F902571D8BDA9E001BC260 /* Main.storyboard in Resources */ = {isa = PBXBuildFile; fileRef = F3F902551D8BDA9E001BC260 /* Main.storyboard */; };
		F3F902591D8BDA9E001BC260 /* Assets.xcassets in Resources */ = {isa = PBXBuildFile; fileRef = F3F902581D8BDA9E001BC260 /* Assets.xcassets */; };
		F3F9025C1D8BDA9E001BC260 /* LaunchScreen.storyboard in Resources */ = {isa = PBXBuildFile; fileRef = F3F9025A1D8BDA9E001BC260 /* LaunchScreen.storyboard */; };
/* End PBXBuildFile section */

/* Begin PBXFileReference section */
		15060B47DE62B08F9711FB6A /* Pods_testPay.framework */ = {isa = PBXFileReference; explicitFileType = wrapper.framework; includeInIndex = 0; path = Pods_testPay.framework; sourceTree = BUILT_PRODUCTS_DIR; };
		391BF7380F6A7E63CE93BFFC /* Pods-testPay.release.xcconfig */ = {isa = PBXFileReference; includeInIndex = 1; lastKnownFileType = text.xcconfig; name = "Pods-testPay.release.xcconfig"; path = "Pods/Target Support Files/Pods-testPay/Pods-testPay.release.xcconfig"; sourceTree = "<group>"; };
		955E297C3F7D7E55EEB90D02 /* Pods-testPay.debug.xcconfig */ = {isa = PBXFileReference; includeInIndex = 1; lastKnownFileType = text.xcconfig; name = "Pods-testPay.debug.xcconfig"; path = "Pods/Target Support Files/Pods-testPay/Pods-testPay.debug.xcconfig"; sourceTree = "<group>"; };
		F32C4BCB1D8FD73A00CF288D /* testPay-Bridging-Header.h */ = {isa = PBXFileReference; lastKnownFileType = sourcecode.c.h; path = "testPay-Bridging-Header.h"; sourceTree = "<group>"; };
		F3F9024E1D8BDA9E001BC260 /* testPay.app */ = {isa = PBXFileReference; explicitFileType = wrapper.application; includeInIndex = 0; path = testPay.app; sourceTree = BUILT_PRODUCTS_DIR; };
		F3F902511D8BDA9E001BC260 /* AppDelegate.swift */ = {isa = PBXFileReference; lastKnownFileType = sourcecode.swift; path = AppDelegate.swift; sourceTree = "<group>"; };
		F3F902531D8BDA9E001BC260 /* ViewController.swift */ = {isa = PBXFileReference; lastKnownFileType = sourcecode.swift; path = ViewController.swift; sourceTree = "<group>"; };
		F3F902561D8BDA9E001BC260 /* Base */ = {isa = PBXFileReference; lastKnownFileType = file.storyboard; name = Base; path = Base.lproj/Main.storyboard; sourceTree = "<group>"; };
		F3F902581D8BDA9E001BC260 /* Assets.xcassets */ = {isa = PBXFileReference; lastKnownFileType = folder.assetcatalog; path = Assets.xcassets; sourceTree = "<group>"; };
		F3F9025B1D8BDA9E001BC260 /* Base */ = {isa = PBXFileReference; lastKnownFileType = file.storyboard; name = Base; path = Base.lproj/LaunchScreen.storyboard; sourceTree = "<group>"; };
		F3F9025D1D8BDA9E001BC260 /* Info.plist */ = {isa = PBXFileReference; lastKnownFileType = text.plist.xml; path = Info.plist; sourceTree = "<group>"; };
		F3F902651D8BDB66001BC260 /* testPay.entitlements */ = {isa = PBXFileReference; lastKnownFileType = text.xml; path = testPay.entitlements; sourceTree = "<group>"; };
/* End PBXFileReference section */

/* Begin PBXFrameworksBuildPhase section */
		F3F9024B1D8BDA9E001BC260 /* Frameworks */ = {
			isa = PBXFrameworksBuildPhase;
			buildActionMask = 2147483647;
			files = (
				599659364B3C0FC2F5FE6B31 /* Pods_testPay.framework in Frameworks */,
			);
			runOnlyForDeploymentPostprocessing = 0;
		};
/* End PBXFrameworksBuildPhase section */

/* Begin PBXGroup section */
		18C2B056ACE9E30602DA4D78 /* Frameworks */ = {
			isa = PBXGroup;
			children = (
				15060B47DE62B08F9711FB6A /* Pods_testPay.framework */,
			);
			name = Frameworks;
			sourceTree = "<group>";
		};
		7C299B35CC82B8BCF9B8F698 /* Pods */ = {
			isa = PBXGroup;
			children = (
				955E297C3F7D7E55EEB90D02 /* Pods-testPay.debug.xcconfig */,
				391BF7380F6A7E63CE93BFFC /* Pods-testPay.release.xcconfig */,
			);
			name = Pods;
			sourceTree = "<group>";
		};
		F3F902451D8BDA9E001BC260 = {
			isa = PBXGroup;
			children = (
				F3F902501D8BDA9E001BC260 /* testPay */,
				F3F9024F1D8BDA9E001BC260 /* Products */,
				7C299B35CC82B8BCF9B8F698 /* Pods */,
				18C2B056ACE9E30602DA4D78 /* Frameworks */,
			);
			sourceTree = "<group>";
		};
		F3F9024F1D8BDA9E001BC260 /* Products */ = {
			isa = PBXGroup;
			children = (
				F3F9024E1D8BDA9E001BC260 /* testPay.app */,
			);
			name = Products;
			sourceTree = "<group>";
		};
		F3F902501D8BDA9E001BC260 /* testPay */ = {
			isa = PBXGroup;
			children = (
				F3F902651D8BDB66001BC260 /* testPay.entitlements */,
				F3F902511D8BDA9E001BC260 /* AppDelegate.swift */,
				F3F902531D8BDA9E001BC260 /* ViewController.swift */,
				F3F902551D8BDA9E001BC260 /* Main.storyboard */,
				F3F902581D8BDA9E001BC260 /* Assets.xcassets */,
				F3F9025A1D8BDA9E001BC260 /* LaunchScreen.storyboard */,
				F3F9025D1D8BDA9E001BC260 /* Info.plist */,
				F32C4BCB1D8FD73A00CF288D /* testPay-Bridging-Header.h */,
			);
			path = testPay;
			sourceTree = "<group>";
		};
/* End PBXGroup section */

/* Begin PBXNativeTarget section */
		F3F9024D1D8BDA9E001BC260 /* testPay */ = {
			isa = PBXNativeTarget;
			buildConfigurationList = F3F902601D8BDA9E001BC260 /* Build configuration list for PBXNativeTarget "testPay" */;
			buildPhases = (
				9E431364471CF04717A200A3 /* [CP] Check Pods Manifest.lock */,
				F3F9024A1D8BDA9E001BC260 /* Sources */,
				F3F9024B1D8BDA9E001BC260 /* Frameworks */,
				F3F9024C1D8BDA9E001BC260 /* Resources */,
				96C50B3C8611E5CFFFF23B03 /* [CP] Embed Pods Frameworks */,
				3667370B56CD6DA5C5B33F9B /* [CP] Copy Pods Resources */,
			);
			buildRules = (
			);
			dependencies = (
			);
			name = testPay;
			productName = testPay;
			productReference = F3F9024E1D8BDA9E001BC260 /* testPay.app */;
			productType = "com.apple.product-type.application";
		};
/* End PBXNativeTarget section */

/* Begin PBXProject section */
		F3F902461D8BDA9E001BC260 /* Project object */ = {
			isa = PBXProject;
			attributes = {
				LastSwiftUpdateCheck = 0730;
				LastUpgradeCheck = 0730;
				ORGANIZATIONNAME = "Leapfrog Technology";
				TargetAttributes = {
					F3F9024D1D8BDA9E001BC260 = {
						CreatedOnToolsVersion = 7.3;
						DevelopmentTeam = N7DN9W93BF;
						SystemCapabilities = {
							com.apple.InAppPurchase = {
								enabled = 0;
							};
							com.apple.OMC = {
								enabled = 1;
							};
						};
					};
				};
			};
			buildConfigurationList = F3F902491D8BDA9E001BC260 /* Build configuration list for PBXProject "testPay" */;
			compatibilityVersion = "Xcode 3.2";
			developmentRegion = English;
			hasScannedForEncodings = 0;
			knownRegions = (
				en,
				Base,
			);
			mainGroup = F3F902451D8BDA9E001BC260;
			productRefGroup = F3F9024F1D8BDA9E001BC260 /* Products */;
			projectDirPath = "";
			projectRoot = "";
			targets = (
				F3F9024D1D8BDA9E001BC260 /* testPay */,
			);
		};
/* End PBXProject section */

/* Begin PBXResourcesBuildPhase section */
		F3F9024C1D8BDA9E001BC260 /* Resources */ = {
			isa = PBXResourcesBuildPhase;
			buildActionMask = 2147483647;
			files = (
				F3F9025C1D8BDA9E001BC260 /* LaunchScreen.storyboard in Resources */,
				F3F902591D8BDA9E001BC260 /* Assets.xcassets in Resources */,
				F3F902571D8BDA9E001BC260 /* Main.storyboard in Resources */,
			);
			runOnlyForDeploymentPostprocessing = 0;
		};
/* End PBXResourcesBuildPhase section */

/* Begin PBXShellScriptBuildPhase section */
		3667370B56CD6DA5C5B33F9B /* [CP] Copy Pods Resources */ = {
			isa = PBXShellScriptBuildPhase;
			buildActionMask = 2147483647;
			files = (
			);
			inputPaths = (
			);
			name = "[CP] Copy Pods Resources";
			outputPaths = (
			);
			runOnlyForDeploymentPostprocessing = 0;
			shellPath = /bin/sh;
			shellScript = "\"${SRCROOT}/Pods/Target Support Files/Pods-testPay/Pods-testPay-resources.sh\"\n";
			showEnvVarsInLog = 0;
		};
		96C50B3C8611E5CFFFF23B03 /* [CP] Embed Pods Frameworks */ = {
			isa = PBXShellScriptBuildPhase;
			buildActionMask = 2147483647;
			files = (
			);
			inputPaths = (
			);
			name = "[CP] Embed Pods Frameworks";
			outputPaths = (
			);
			runOnlyForDeploymentPostprocessing = 0;
			shellPath = /bin/sh;
			shellScript = "\"${SRCROOT}/Pods/Target Support Files/Pods-testPay/Pods-testPay-frameworks.sh\"\n";
			showEnvVarsInLog = 0;
		};
		9E431364471CF04717A200A3 /* [CP] Check Pods Manifest.lock */ = {
			isa = PBXShellScriptBuildPhase;
			buildActionMask = 2147483647;
			files = (
			);
			inputPaths = (
			);
			name = "[CP] Check Pods Manifest.lock";
			outputPaths = (
			);
			runOnlyForDeploymentPostprocessing = 0;
			shellPath = /bin/sh;
			shellScript = "diff \"${PODS_ROOT}/../Podfile.lock\" \"${PODS_ROOT}/Manifest.lock\" > /dev/null\nif [[ $? != 0 ]] ; then\n    cat << EOM\nerror: The sandbox is not in sync with the Podfile.lock. Run 'pod install' or update your CocoaPods installation.\nEOM\n    exit 1\nfi\n";
			showEnvVarsInLog = 0;
		};
/* End PBXShellScriptBuildPhase section */

/* Begin PBXSourcesBuildPhase section */
		F3F9024A1D8BDA9E001BC260 /* Sources */ = {
			isa = PBXSourcesBuildPhase;
			buildActionMask = 2147483647;
			files = (
				F3F902541D8BDA9E001BC260 /* ViewController.swift in Sources */,
				F3F902521D8BDA9E001BC260 /* AppDelegate.swift in Sources */,
			);
			runOnlyForDeploymentPostprocessing = 0;
		};
/* End PBXSourcesBuildPhase section */

/* Begin PBXVariantGroup section */
		F3F902551D8BDA9E001BC260 /* Main.storyboard */ = {
			isa = PBXVariantGroup;
			children = (
				F3F902561D8BDA9E001BC260 /* Base */,
			);
			name = Main.storyboard;
			sourceTree = "<group>";
		};
		F3F9025A1D8BDA9E001BC260 /* LaunchScreen.storyboard */ = {
			isa = PBXVariantGroup;
			children = (
				F3F9025B1D8BDA9E001BC260 /* Base */,
			);
			name = LaunchScreen.storyboard;
			sourceTree = "<group>";
		};
/* End PBXVariantGroup section */

/* Begin XCBuildConfiguration section */
		F3F9025E1D8BDA9E001BC260 /* Debug */ = {
			isa = XCBuildConfiguration;
			buildSettings = {
				ALWAYS_SEARCH_USER_PATHS = NO;
				CLANG_ANALYZER_NONNULL = YES;
				CLANG_CXX_LANGUAGE_STANDARD = "gnu++0x";
				CLANG_CXX_LIBRARY = "libc++";
				CLANG_ENABLE_MODULES = YES;
				CLANG_ENABLE_OBJC_ARC = YES;
				CLANG_WARN_BOOL_CONVERSION = YES;
				CLANG_WARN_CONSTANT_CONVERSION = YES;
				CLANG_WARN_DIRECT_OBJC_ISA_USAGE = YES_ERROR;
				CLANG_WARN_EMPTY_BODY = YES;
				CLANG_WARN_ENUM_CONVERSION = YES;
				CLANG_WARN_INT_CONVERSION = YES;
				CLANG_WARN_OBJC_ROOT_CLASS = YES_ERROR;
				CLANG_WARN_UNREACHABLE_CODE = YES;
				CLANG_WARN__DUPLICATE_METHOD_MATCH = YES;
				"CODE_SIGN_IDENTITY[sdk=iphoneos*]" = "iPhone Developer";
				COPY_PHASE_STRIP = NO;
				DEBUG_INFORMATION_FORMAT = dwarf;
				ENABLE_STRICT_OBJC_MSGSEND = YES;
				ENABLE_TESTABILITY = YES;
				GCC_C_LANGUAGE_STANDARD = gnu99;
				GCC_DYNAMIC_NO_PIC = NO;
				GCC_NO_COMMON_BLOCKS = YES;
				GCC_OPTIMIZATION_LEVEL = 0;
				GCC_PREPROCESSOR_DEFINITIONS = (
					"DEBUG=1",
					"$(inherited)",
					"STRIPE_ENABLE_APPLEPAY=1",
					"COCOAPODS=1",
				);
				GCC_WARN_64_TO_32_BIT_CONVERSION = YES;
				GCC_WARN_ABOUT_RETURN_TYPE = YES_ERROR;
				GCC_WARN_UNDECLARED_SELECTOR = YES;
				GCC_WARN_UNINITIALIZED_AUTOS = YES_AGGRESSIVE;
				GCC_WARN_UNUSED_FUNCTION = YES;
				GCC_WARN_UNUSED_VARIABLE = YES;
				IPHONEOS_DEPLOYMENT_TARGET = 9.3;
				MTL_ENABLE_DEBUG_INFO = YES;
				ONLY_ACTIVE_ARCH = YES;
				SDKROOT = iphoneos;
				SWIFT_OBJC_BRIDGING_HEADER = "testPay/testPay-Bridging-Header.h";
				SWIFT_OPTIMIZATION_LEVEL = "-Onone";
			};
			name = Debug;
		};
		F3F9025F1D8BDA9E001BC260 /* Release */ = {
			isa = XCBuildConfiguration;
			buildSettings = {
				ALWAYS_SEARCH_USER_PATHS = NO;
				CLANG_ANALYZER_NONNULL = YES;
				CLANG_CXX_LANGUAGE_STANDARD = "gnu++0x";
				CLANG_CXX_LIBRARY = "libc++";
				CLANG_ENABLE_MODULES = YES;
				CLANG_ENABLE_OBJC_ARC = YES;
				CLANG_WARN_BOOL_CONVERSION = YES;
				CLANG_WARN_CONSTANT_CONVERSION = YES;
				CLANG_WARN_DIRECT_OBJC_ISA_USAGE = YES_ERROR;
				CLANG_WARN_EMPTY_BODY = YES;
				CLANG_WARN_ENUM_CONVERSION = YES;
				CLANG_WARN_INT_CONVERSION = YES;
				CLANG_WARN_OBJC_ROOT_CLASS = YES_ERROR;
				CLANG_WARN_UNREACHABLE_CODE = YES;
				CLANG_WARN__DUPLICATE_METHOD_MATCH = YES;
				"CODE_SIGN_IDENTITY[sdk=iphoneos*]" = "iPhone Developer";
				COPY_PHASE_STRIP = NO;
				DEBUG_INFORMATION_FORMAT = "dwarf-with-dsym";
				ENABLE_NS_ASSERTIONS = NO;
				ENABLE_STRICT_OBJC_MSGSEND = YES;
				GCC_C_LANGUAGE_STANDARD = gnu99;
				GCC_NO_COMMON_BLOCKS = YES;
				GCC_PREPROCESSOR_DEFINITIONS = (
					"COCOAPODS=1",
					"STRIPE_ENABLE_APPLEPAY=1",
				);
				GCC_WARN_64_TO_32_BIT_CONVERSION = YES;
				GCC_WARN_ABOUT_RETURN_TYPE = YES_ERROR;
				GCC_WARN_UNDECLARED_SELECTOR = YES;
				GCC_WARN_UNINITIALIZED_AUTOS = YES_AGGRESSIVE;
				GCC_WARN_UNUSED_FUNCTION = YES;
				GCC_WARN_UNUSED_VARIABLE = YES;
				IPHONEOS_DEPLOYMENT_TARGET = 9.3;
				MTL_ENABLE_DEBUG_INFO = NO;
				SDKROOT = iphoneos;
				SWIFT_OBJC_BRIDGING_HEADER = "testPay/testPay-Bridging-Header.h";
				VALIDATE_PRODUCT = YES;
			};
			name = Release;
		};
		F3F902611D8BDA9E001BC260 /* Debug */ = {
			isa = XCBuildConfiguration;
			baseConfigurationReference = 955E297C3F7D7E55EEB90D02 /* Pods-testPay.debug.xcconfig */;
			buildSettings = {
				ASSETCATALOG_COMPILER_APPICON_NAME = AppIcon;
				CODE_SIGN_ENTITLEMENTS = testPay/testPay.entitlements;
				INFOPLIST_FILE = testPay/Info.plist;
				LD_RUNPATH_SEARCH_PATHS = "$(inherited) @executable_path/Frameworks";
				PRODUCT_BUNDLE_IDENTIFIER = com.leapfrog.testPay;
				PRODUCT_NAME = "$(TARGET_NAME)";
				PROVISIONING_PROFILE = "a2987734-73da-4213-8cb6-81e0add30043";
			};
			name = Debug;
		};
		F3F902621D8BDA9E001BC260 /* Release */ = {
			isa = XCBuildConfiguration;
			baseConfigurationReference = 391BF7380F6A7E63CE93BFFC /* Pods-testPay.release.xcconfig */;
			buildSettings = {
				ASSETCATALOG_COMPILER_APPICON_NAME = AppIcon;
				CODE_SIGN_ENTITLEMENTS = testPay/testPay.entitlements;
				INFOPLIST_FILE = testPay/Info.plist;
				LD_RUNPATH_SEARCH_PATHS = "$(inherited) @executable_path/Frameworks";
				PRODUCT_BUNDLE_IDENTIFIER = com.leapfrog.testPay;
				PRODUCT_NAME = "$(TARGET_NAME)";
				PROVISIONING_PROFILE = "a2987734-73da-4213-8cb6-81e0add30043";
			};
			name = Release;
		};
/* End XCBuildConfiguration section */

/* Begin XCConfigurationList section */
		F3F902491D8BDA9E001BC260 /* Build configuration list for PBXProject "testPay" */ = {
			isa = XCConfigurationList;
			buildConfigurations = (
				F3F9025E1D8BDA9E001BC260 /* Debug */,
				F3F9025F1D8BDA9E001BC260 /* Release */,
			);
			defaultConfigurationIsVisible = 0;
			defaultConfigurationName = Release;
		};
		F3F902601D8BDA9E001BC260 /* Build configuration list for PBXNativeTarget "testPay" */ = {
			isa = XCConfigurationList;
			buildConfigurations = (
				F3F902611D8BDA9E001BC260 /* Debug */,
				F3F902621D8BDA9E001BC260 /* Release */,
			);
			defaultConfigurationIsVisible = 0;
			defaultConfigurationName = Release;
		};
/* End XCConfigurationList section */
	};
	rootObject = F3F902461D8BDA9E001BC260 /* Project object */;
}
